
Microsoft Visual Studio Solution File, Format Version 12.00
# Visual Studio 14
VisualStudioVersion = 14.0.25123.0
MinimumVisualStudioVersion = 10.0.40219.1
Project("{FAE04EC0-301F-11D3-BF4B-00C04F79EFBC}") = "AlarmClock", "AlarmClock\AlarmClock.csproj", "{949F0C67-95F9-42B6-962F-2D4F07BE2182}"
EndProject
Global
	GlobalSection(SolutionConfigurationPlatforms) = preSolution
		Debug|Any CPU = Debug|Any CPU
		Release|Any CPU = Release|Any CPU
	EndGlobalSection
	GlobalSection(ProjectConfigurationPlatforms) = postSolution
		{949F0C67-95F9-42B6-962F-2D4F07BE2182}.Debug|Any CPU.ActiveCfg = Debug|Any CPU
		{949F0C67-95F9-42B6-962F-2D4F07BE2182}.Debug|Any CPU.Build.0 = Debug|Any CPU
		{949F0C67-95F9-42B6-962F-2D4F07BE2182}.Release|Any CPU.ActiveCfg = Release|Any CPU
		{949F0C67-95F9-42B6-962F-2D4F07BE2182}.Release|Any CPU.Build.0 = Release|Any CPU
	EndGlobalSection
	GlobalSection(SolutionProperties) = preSolution
		HideSolutionNode = FALSE
	EndGlobalSection
EndGlobal
